
Microsoft Visual Studio Solution File, Format Version 12.00
# Visual Studio 15
VisualStudioVersion = 15.0.28307.168
MinimumVisualStudioVersion = 10.0.40219.1
Project("{FAE04EC0-301F-11D3-BF4B-00C04F79EFBC}") = "WebApp3", "WebApp3\WebApp3.csproj", "{4294AC33-05BF-4319-95C4-8E02DAF276C2}"
EndProject
Project("{FAE04EC0-301F-11D3-BF4B-00C04F79EFBC}") = "WebAPIService", "WebAPIService\WebAPIService.csproj", "{C5BD4260-AA76-404B-8698-7595E01CF9F2}"
EndProject
Global
	GlobalSection(SolutionConfigurationPlatforms) = preSolution
		Debug|Any CPU = Debug|Any CPU
		Release|Any CPU = Release|Any CPU
	EndGlobalSection
	GlobalSection(ProjectConfigurationPlatforms) = postSolution
		{4294AC33-05BF-4319-95C4-8E02DAF276C2}.Debug|Any CPU.ActiveCfg = Debug|Any CPU
		{4294AC33-05BF-4319-95C4-8E02DAF276C2}.Debug|Any CPU.Build.0 = Debug|Any CPU
		{4294AC33-05BF-4319-95C4-8E02DAF276C2}.Release|Any CPU.ActiveCfg = Release|Any CPU
		{4294AC33-05BF-4319-95C4-8E02DAF276C2}.Release|Any CPU.Build.0 = Release|Any CPU
		{C5BD4260-AA76-404B-8698-7595E01CF9F2}.Debug|Any CPU.ActiveCfg = Debug|Any CPU
		{C5BD4260-AA76-404B-8698-7595E01CF9F2}.Debug|Any CPU.Build.0 = Debug|Any CPU
		{C5BD4260-AA76-404B-8698-7595E01CF9F2}.Release|Any CPU.ActiveCfg = Release|Any CPU
		{C5BD4260-AA76-404B-8698-7595E01CF9F2}.Release|Any CPU.Build.0 = Release|Any CPU
	EndGlobalSection
	GlobalSection(SolutionProperties) = preSolution
		HideSolutionNode = FALSE
	EndGlobalSection
	GlobalSection(ExtensibilityGlobals) = postSolution
		SolutionGuid = {DB4E098C-434F-4070-81A9-02031DE2EE95}
	EndGlobalSection
EndGlobal
